{
  "version": 4,
  "terraform_version": "1.1.0",
  "serial": 9,
  "lineage": "88b52f8e-6532-916d-3e87-4973fdb54892",
  "outputs": {},
  "resources": [
    {
      "mode": "managed",
      "type": "aws_redshift_cluster",
      "name": "sparkify_redshift",
      "provider": "provider[\"registry.terraform.io/hashicorp/aws\"]",
      "instances": [
        {
          "schema_version": 0,
          "attributes": {
            "allow_version_upgrade": true,
            "arn": "arn:aws:redshift:us-west-2:762323173043:cluster:fozcodes-cloud-data-warehouse",
            "automated_snapshot_retention_period": 0,
            "availability_zone": "us-west-2d",
            "bucket_name": null,
            "cluster_identifier": "fozcodes-cloud-data-warehouse",
            "cluster_parameter_group_name": "default.redshift-1.0",
            "cluster_public_key": "ssh-rsa AAAAB3NzaC1yc2EAAAADAQABAAABAQCYnf01aRAo2UdzY4jvmBlGUCLNj7+nmDOVXI3gGrDXEBGtO87oY7umJT2/8rIV7ywGsijs5OJxpSYSfYLw4CFH1a3J7IHlKO+SmZuOt9J1VT6409QpmRvbjaQkUNlBhcUuhi8A8IycCvHKI0tVskxAGfz2WW6GDJWSR94FUeQTzXN+8jqPh9XmZBaflnaugirTyF+pHE1XTHXQ8BT9zH+Uh/0gM8mdgz/o3GKwSQz5iEFo8SzX4X91PBexTqa1LdOegp3jl/BQNjoEgtLMY3L7db6kLPx41BPthlRyuHvT7Tpj+Fmpgdz4B/cExc2gNvOG1j23iamPUcOdCxWpY23P Amazon-Redshift\n",
            "cluster_revision_number": "35649",
            "cluster_security_groups": [],
            "cluster_subnet_group_name": "default",
            "cluster_type": "single-node",
            "cluster_version": "1.0",
            "database_name": "sparkify",
            "dns_name": "fozcodes-cloud-data-warehouse.cgfw9podbcnw.us-west-2.redshift.amazonaws.com",
            "elastic_ip": null,
            "enable_logging": null,
            "encrypted": false,
            "endpoint": "fozcodes-cloud-data-warehouse.cgfw9podbcnw.us-west-2.redshift.amazonaws.com:5439",
            "enhanced_vpc_routing": false,
            "final_snapshot_identifier": null,
            "iam_roles": [
              "arn:aws:iam::762323173043:role/service-role/AmazonRedshift-CommandsAccessRole-20220227T092018"
            ],
            "id": "fozcodes-cloud-data-warehouse",
            "kms_key_id": "",
            "logging": [
              {
                "bucket_name": "",
                "enable": false,
                "s3_key_prefix": ""
              }
            ],
            "master_password": "EXQRiApf5sYoCyNLqfE5xMMlm3G3TKmzucSKcHHxKKDhwC2nsdp2iuE7VIF",
            "master_username": "fozcodes",
            "node_type": "dc2.large",
            "number_of_nodes": 1,
            "owner_account": null,
            "port": 5439,
            "preferred_maintenance_window": "sun:07:30-sun:08:00",
            "publicly_accessible": true,
            "s3_key_prefix": null,
            "skip_final_snapshot": true,
            "snapshot_cluster_identifier": null,
            "snapshot_copy": [],
            "snapshot_identifier": null,
            "tags": {},
            "timeouts": {
              "create": null,
              "delete": null,
              "update": null
            },
            "vpc_security_group_ids": [
              "sg-0d68c184d9e3bfc7a"
            ]
          },
          "sensitive_attributes": [],
          "private": "eyJlMmJmYjczMC1lY2FhLTExZTYtOGY4OC0zNDM2M2JjN2M0YzAiOnsiY3JlYXRlIjo0NTAwMDAwMDAwMDAwLCJkZWxldGUiOjI0MDAwMDAwMDAwMDAsInVwZGF0ZSI6MjQwMDAwMDAwMDAwMH19"
        }
      ]
    }
  ]
}
